// !$*UTF8*$!
{
	archiveVersion = 1;
	classes = {
	};
	objectVersion = 50;
	objects = {

/* Begin PBXBuildFile section */
		9919154D21A736D100BB4299 /* AppDelegate.swift in Sources */ = {isa = PBXBuildFile; fileRef = 9919154C21A736D100BB4299 /* AppDelegate.swift */; };
		9919154F21A736D200BB4299 /* ViewController.swift in Sources */ = {isa = PBXBuildFile; fileRef = 9919154E21A736D200BB4299 /* ViewController.swift */; };
		9919155221A736D200BB4299 /* Main.storyboard in Resources */ = {isa = PBXBuildFile; fileRef = 9919155021A736D200BB4299 /* Main.storyboard */; };
		9919155421A7371000BB4299 /* Assets.xcassets in Resources */ = {isa = PBXBuildFile; fileRef = 9919155321A7371000BB4299 /* Assets.xcassets */; };
		9919155721A7371000BB4299 /* LaunchScreen.storyboard in Resources */ = {isa = PBXBuildFile; fileRef = 9919155521A7371000BB4299 /* LaunchScreen.storyboard */; };
		9919156021A73A3400BB4299 /* MapKit.framework in Frameworks */ = {isa = PBXBuildFile; fileRef = 9919155F21A73A3400BB4299 /* MapKit.framework */; };
		9919156221A73B6600BB4299 /* Capital.swift in Sources */ = {isa = PBXBuildFile; fileRef = 9919156121A73B6600BB4299 /* Capital.swift */; };
/* End PBXBuildFile section */

/* Begin PBXFileReference section */
		9919154921A736D100BB4299 /* Project19MapKit.app */ = {isa = PBXFileReference; explicitFileType = wrapper.application; includeInIndex = 0; path = Project19MapKit.app; sourceTree = BUILT_PRODUCTS_DIR; };
		9919154C21A736D100BB4299 /* AppDelegate.swift */ = {isa = PBXFileReference; lastKnownFileType = sourcecode.swift; path = AppDelegate.swift; sourceTree = "<group>"; };
		9919154E21A736D200BB4299 /* ViewController.swift */ = {isa = PBXFileReference; lastKnownFileType = sourcecode.swift; path = ViewController.swift; sourceTree = "<group>"; };
		9919155121A736D200BB4299 /* Base */ = {isa = PBXFileReference; lastKnownFileType = file.storyboard; name = Base; path = Base.lproj/Main.storyboard; sourceTree = "<group>"; };
		9919155321A7371000BB4299 /* Assets.xcassets */ = {isa = PBXFileReference; lastKnownFileType = folder.assetcatalog; path = Assets.xcassets; sourceTree = "<group>"; };
		9919155621A7371000BB4299 /* Base */ = {isa = PBXFileReference; lastKnownFileType = file.storyboard; name = Base; path = Base.lproj/LaunchScreen.storyboard; sourceTree = "<group>"; };
		9919155821A7371000BB4299 /* Info.plist */ = {isa = PBXFileReference; lastKnownFileType = text.plist.xml; path = Info.plist; sourceTree = "<group>"; };
		9919155F21A73A3400BB4299 /* MapKit.framework */ = {isa = PBXFileReference; lastKnownFileType = wrapper.framework; name = MapKit.framework; path = System/Library/Frameworks/MapKit.framework; sourceTree = SDKROOT; };
		9919156121A73B6600BB4299 /* Capital.swift */ = {isa = PBXFileReference; lastKnownFileType = sourcecode.swift; path = Capital.swift; sourceTree = "<group>"; };
/* End PBXFileReference section */

/* Begin PBXFrameworksBuildPhase section */
		9919154621A736D100BB4299 /* Frameworks */ = {
			isa = PBXFrameworksBuildPhase;
			buildActionMask = 2147483647;
			files = (
				9919156021A73A3400BB4299 /* MapKit.framework in Frameworks */,
			);
			runOnlyForDeploymentPostprocessing = 0;
		};
/* End PBXFrameworksBuildPhase section */

/* Begin PBXGroup section */
		9919154021A736D000BB4299 = {
			isa = PBXGroup;
			children = (
				9919154B21A736D100BB4299 /* Project19MapKit */,
				9919154A21A736D100BB4299 /* Products */,
				9919155E21A73A3400BB4299 /* Frameworks */,
			);
			sourceTree = "<group>";
		};
		9919154A21A736D100BB4299 /* Products */ = {
			isa = PBXGroup;
			children = (
				9919154921A736D100BB4299 /* Project19MapKit.app */,
			);
			name = Products;
			sourceTree = "<group>";
		};
		9919154B21A736D100BB4299 /* Project19MapKit */ = {
			isa = PBXGroup;
			children = (
				9919154C21A736D100BB4299 /* AppDelegate.swift */,
				9919154E21A736D200BB4299 /* ViewController.swift */,
				9919156121A73B6600BB4299 /* Capital.swift */,
				9919155021A736D200BB4299 /* Main.storyboard */,
				9919155321A7371000BB4299 /* Assets.xcassets */,
				9919155521A7371000BB4299 /* LaunchScreen.storyboard */,
				9919155821A7371000BB4299 /* Info.plist */,
			);
			path = Project19MapKit;
			sourceTree = "<group>";
		};
		9919155E21A73A3400BB4299 /* Frameworks */ = {
			isa = PBXGroup;
			children = (
				9919155F21A73A3400BB4299 /* MapKit.framework */,
			);
			name = Frameworks;
			sourceTree = "<group>";
		};
/* End PBXGroup section */

/* Begin PBXNativeTarget section */
		9919154821A736D100BB4299 /* Project19MapKit */ = {
			isa = PBXNativeTarget;
			buildConfigurationList = 9919155B21A7371000BB4299 /* Build configuration list for PBXNativeTarget "Project19MapKit" */;
			buildPhases = (
				9919154521A736D100BB4299 /* Sources */,
				9919154621A736D100BB4299 /* Frameworks */,
				9919154721A736D100BB4299 /* Resources */,
			);
			buildRules = (
			);
			dependencies = (
			);
			name = Project19MapKit;
			productName = Project19MapKit;
			productReference = 9919154921A736D100BB4299 /* Project19MapKit.app */;
			productType = "com.apple.product-type.application";
		};
/* End PBXNativeTarget section */

/* Begin PBXProject section */
		9919154121A736D000BB4299 /* Project object */ = {
			isa = PBXProject;
			attributes = {
				LastSwiftUpdateCheck = 1000;
				LastUpgradeCheck = 1000;
				ORGANIZATIONNAME = Matrix;
				TargetAttributes = {
					9919154821A736D100BB4299 = {
						CreatedOnToolsVersion = 10.0;
						SystemCapabilities = {
							com.apple.Maps.iOS = {
								enabled = 1;
							};
						};
					};
				};
			};
			buildConfigurationList = 9919154421A736D000BB4299 /* Build configuration list for PBXProject "Project19MapKit" */;
			compatibilityVersion = "Xcode 9.3";
			developmentRegion = en;
			hasScannedForEncodings = 0;
			knownRegions = (
				en,
				Base,
			);
			mainGroup = 9919154021A736D000BB4299;
			productRefGroup = 9919154A21A736D100BB4299 /* Products */;
			projectDirPath = "";
			projectRoot = "";
			targets = (
				9919154821A736D100BB4299 /* Project19MapKit */,
			);
		};
/* End PBXProject section */

/* Begin PBXResourcesBuildPhase section */
		9919154721A736D100BB4299 /* Resources */ = {
			isa = PBXResourcesBuildPhase;
			buildActionMask = 2147483647;
			files = (
				9919155721A7371000BB4299 /* LaunchScreen.storyboard in Resources */,
				9919155421A7371000BB4299 /* Assets.xcassets in Resources */,
				9919155221A736D200BB4299 /* Main.storyboard in Resources */,
			);
			runOnlyForDeploymentPostprocessing = 0;
		};
/* End PBXResourcesBuildPhase section */

/* Begin PBXSourcesBuildPhase section */
		9919154521A736D100BB4299 /* Sources */ = {
			isa = PBXSourcesBuildPhase;
			buildActionMask = 2147483647;
			files = (
				9919154F21A736D200BB4299 /* ViewController.swift in Sources */,
				9919154D21A736D100BB4299 /* AppDelegate.swift in Sources */,
				9919156221A73B6600BB4299 /* Capital.swift in Sources */,
			);
			runOnlyForDeploymentPostprocessing = 0;
		};
/* End PBXSourcesBuildPhase section */

/* Begin PBXVariantGroup section */
		9919155021A736D200BB4299 /* Main.storyboard */ = {
			isa = PBXVariantGroup;
			children = (
				9919155121A736D200BB4299 /* Base */,
			);
			name = Main.storyboard;
			sourceTree = "<group>";
		};
		9919155521A7371000BB4299 /* LaunchScreen.storyboard */ = {
			isa = PBXVariantGroup;
			children = (
				9919155621A7371000BB4299 /* Base */,
			);
			name = LaunchScreen.storyboard;
			sourceTree = "<group>";
		};
/* End PBXVariantGroup section */

/* Begin XCBuildConfiguration section */
		9919155921A7371000BB4299 /* Debug */ = {
			isa = XCBuildConfiguration;
			buildSettings = {
				ALWAYS_SEARCH_USER_PATHS = NO;
				CLANG_ANALYZER_NONNULL = YES;
				CLANG_ANALYZER_NUMBER_OBJECT_CONVERSION = YES_AGGRESSIVE;
				CLANG_CXX_LANGUAGE_STANDARD = "gnu++14";
				CLANG_CXX_LIBRARY = "libc++";
				CLANG_ENABLE_MODULES = YES;
				CLANG_ENABLE_OBJC_ARC = YES;
				CLANG_ENABLE_OBJC_WEAK = YES;
				CLANG_WARN_BLOCK_CAPTURE_AUTORELEASING = YES;
				CLANG_WARN_BOOL_CONVERSION = YES;
				CLANG_WARN_COMMA = YES;
				CLANG_WARN_CONSTANT_CONVERSION = YES;
				CLANG_WARN_DEPRECATED_OBJC_IMPLEMENTATIONS = YES;
				CLANG_WARN_DIRECT_OBJC_ISA_USAGE = YES_ERROR;
				CLANG_WARN_DOCUMENTATION_COMMENTS = YES;
				CLANG_WARN_EMPTY_BODY = YES;
				CLANG_WARN_ENUM_CONVERSION = YES;
				CLANG_WARN_INFINITE_RECURSION = YES;
				CLANG_WARN_INT_CONVERSION = YES;
				CLANG_WARN_NON_LITERAL_NULL_CONVERSION = YES;
				CLANG_WARN_OBJC_IMPLICIT_RETAIN_SELF = YES;
				CLANG_WARN_OBJC_LITERAL_CONVERSION = YES;
				CLANG_WARN_OBJC_ROOT_CLASS = YES_ERROR;
				CLANG_WARN_RANGE_LOOP_ANALYSIS = YES;
				CLANG_WARN_STRICT_PROTOTYPES = YES;
				CLANG_WARN_SUSPICIOUS_MOVE = YES;
				CLANG_WARN_UNGUARDED_AVAILABILITY = YES_AGGRESSIVE;
				CLANG_WARN_UNREACHABLE_CODE = YES;
				CLANG_WARN__DUPLICATE_METHOD_MATCH = YES;
				CODE_SIGN_IDENTITY = "iPhone Developer";
				COPY_PHASE_STRIP = NO;
				DEBUG_INFORMATION_FORMAT = dwarf;
				ENABLE_STRICT_OBJC_MSGSEND = YES;
				ENABLE_TESTABILITY = YES;
				GCC_C_LANGUAGE_STANDARD = gnu11;
				GCC_DYNAMIC_NO_PIC = NO;
				GCC_NO_COMMON_BLOCKS = YES;
				GCC_OPTIMIZATION_LEVEL = 0;
				GCC_PREPROCESSOR_DEFINITIONS = (
					"DEBUG=1",
					"$(inherited)",
				);
				GCC_WARN_64_TO_32_BIT_CONVERSION = YES;
				GCC_WARN_ABOUT_RETURN_TYPE = YES_ERROR;
				GCC_WARN_UNDECLARED_SELECTOR = YES;
				GCC_WARN_UNINITIALIZED_AUTOS = YES_AGGRESSIVE;
				GCC_WARN_UNUSED_FUNCTION = YES;
				GCC_WARN_UNUSED_VARIABLE = YES;
				IPHONEOS_DEPLOYMENT_TARGET = 12.0;
				MTL_ENABLE_DEBUG_INFO = INCLUDE_SOURCE;
				MTL_FAST_MATH = YES;
				ONLY_ACTIVE_ARCH = YES;
				SDKROOT = iphoneos;
				SWIFT_ACTIVE_COMPILATION_CONDITIONS = DEBUG;
				SWIFT_OPTIMIZATION_LEVEL = "-Onone";
			};
			name = Debug;
		};
		9919155A21A7371000BB4299 /* Release */ = {
			isa = XCBuildConfiguration;
			buildSettings = {
				ALWAYS_SEARCH_USER_PATHS = NO;
				CLANG_ANALYZER_NONNULL = YES;
				CLANG_ANALYZER_NUMBER_OBJECT_CONVERSION = YES_AGGRESSIVE;
				CLANG_CXX_LANGUAGE_STANDARD = "gnu++14";
				CLANG_CXX_LIBRARY = "libc++";
				CLANG_ENABLE_MODULES = YES;
				CLANG_ENABLE_OBJC_ARC = YES;
				CLANG_ENABLE_OBJC_WEAK = YES;
				CLANG_WARN_BLOCK_CAPTURE_AUTORELEASING = YES;
				CLANG_WARN_BOOL_CONVERSION = YES;
				CLANG_WARN_COMMA = YES;
				CLANG_WARN_CONSTANT_CONVERSION = YES;
				CLANG_WARN_DEPRECATED_OBJC_IMPLEMENTATIONS = YES;
				CLANG_WARN_DIRECT_OBJC_ISA_USAGE = YES_ERROR;
				CLANG_WARN_DOCUMENTATION_COMMENTS = YES;
				CLANG_WARN_EMPTY_BODY = YES;
				CLANG_WARN_ENUM_CONVERSION = YES;
				CLANG_WARN_INFINITE_RECURSION = YES;
				CLANG_WARN_INT_CONVERSION = YES;
				CLANG_WARN_NON_LITERAL_NULL_CONVERSION = YES;
				CLANG_WARN_OBJC_IMPLICIT_RETAIN_SELF = YES;
				CLANG_WARN_OBJC_LITERAL_CONVERSION = YES;
				CLANG_WARN_OBJC_ROOT_CLASS = YES_ERROR;
				CLANG_WARN_RANGE_LOOP_ANALYSIS = YES;
				CLANG_WARN_STRICT_PROTOTYPES = YES;
				CLANG_WARN_SUSPICIOUS_MOVE = YES;
				CLANG_WARN_UNGUARDED_AVAILABILITY = YES_AGGRESSIVE;
				CLANG_WARN_UNREACHABLE_CODE = YES;
				CLANG_WARN__DUPLICATE_METHOD_MATCH = YES;
				CODE_SIGN_IDENTITY = "iPhone Developer";
				COPY_PHASE_STRIP = NO;
				DEBUG_INFORMATION_FORMAT = "dwarf-with-dsym";
				ENABLE_NS_ASSERTIONS = NO;
				ENABLE_STRICT_OBJC_MSGSEND = YES;
				GCC_C_LANGUAGE_STANDARD = gnu11;
				GCC_NO_COMMON_BLOCKS = YES;
				GCC_WARN_64_TO_32_BIT_CONVERSION = YES;
				GCC_WARN_ABOUT_RETURN_TYPE = YES_ERROR;
				GCC_WARN_UNDECLARED_SELECTOR = YES;
				GCC_WARN_UNINITIALIZED_AUTOS = YES_AGGRESSIVE;
				GCC_WARN_UNUSED_FUNCTION = YES;
				GCC_WARN_UNUSED_VARIABLE = YES;
				IPHONEOS_DEPLOYMENT_TARGET = 12.0;
				MTL_ENABLE_DEBUG_INFO = NO;
				MTL_FAST_MATH = YES;
				SDKROOT = iphoneos;
				SWIFT_COMPILATION_MODE = wholemodule;
				SWIFT_OPTIMIZATION_LEVEL = "-O";
				VALIDATE_PRODUCT = YES;
			};
			name = Release;
		};
		9919155C21A7371000BB4299 /* Debug */ = {
			isa = XCBuildConfiguration;
			buildSettings = {
				ASSETCATALOG_COMPILER_APPICON_NAME = AppIcon;
				CODE_SIGN_STYLE = Automatic;
				DEVELOPMENT_TEAM = H78WKC5P3V;
				INFOPLIST_FILE = Project19MapKit/Info.plist;
				LD_RUNPATH_SEARCH_PATHS = (
					"$(inherited)",
					"@executable_path/Frameworks",
				);
				PRODUCT_BUNDLE_IDENTIFIER = Lucifer.proxy.Project19MapKit;
				PRODUCT_NAME = "$(TARGET_NAME)";
				SWIFT_VERSION = 4.2;
				TARGETED_DEVICE_FAMILY = "1,2";
			};
			name = Debug;
		};
		9919155D21A7371000BB4299 /* Release */ = {
			isa = XCBuildConfiguration;
			buildSettings = {
				ASSETCATALOG_COMPILER_APPICON_NAME = AppIcon;
				CODE_SIGN_STYLE = Automatic;
				DEVELOPMENT_TEAM = H78WKC5P3V;
				INFOPLIST_FILE = Project19MapKit/Info.plist;
				LD_RUNPATH_SEARCH_PATHS = (
					"$(inherited)",
					"@executable_path/Frameworks",
				);
				PRODUCT_BUNDLE_IDENTIFIER = Lucifer.proxy.Project19MapKit;
				PRODUCT_NAME = "$(TARGET_NAME)";
				SWIFT_VERSION = 4.2;
				TARGETED_DEVICE_FAMILY = "1,2";
			};
			name = Release;
		};
/* End XCBuildConfiguration section */

/* Begin XCConfigurationList section */
		9919154421A736D000BB4299 /* Build configuration list for PBXProject "Project19MapKit" */ = {
			isa = XCConfigurationList;
			buildConfigurations = (
				9919155921A7371000BB4299 /* Debug */,
				9919155A21A7371000BB4299 /* Release */,
			);
			defaultConfigurationIsVisible = 0;
			defaultConfigurationName = Release;
		};
		9919155B21A7371000BB4299 /* Build configuration list for PBXNativeTarget "Project19MapKit" */ = {
			isa = XCConfigurationList;
			buildConfigurations = (
				9919155C21A7371000BB4299 /* Debug */,
				9919155D21A7371000BB4299 /* Release */,
			);
			defaultConfigurationIsVisible = 0;
			defaultConfigurationName = Release;
		};
/* End XCConfigurationList section */
	};
	rootObject = 9919154121A736D000BB4299 /* Project object */;
}
